<?xml version="1.0" encoding="utf-8"?>
<Project ToolsVersion="4.0" xmlns="http://schemas.microsoft.com/developer/msbuild/2003">
  <ItemGroup>
    <Filter Include="소스 파일">
      <UniqueIdentifier>{4FC737F1-C7A5-4376-A066-2A32D752A2FF}</UniqueIdentifier>
      <Extensions>cpp;c;cc;cxx;c++;cppm;ixx;def;odl;idl;hpj;bat;asm;asmx</Extensions>
    </Filter>
    <Filter Include="헤더 파일">
      <UniqueIdentifier>{93995380-89BD-4b04-88EB-625FBE52EBFB}</UniqueIdentifier>
      <Extensions>h;hh;hpp;hxx;h++;hm;inl;inc;ipp;xsd</Extensions>
    </Filter>
    <Filter Include="Code">
      <UniqueIdentifier>{bb4c70af-9b5f-4806-9fb7-eefe57a396b5}</UniqueIdentifier>
    </Filter>
    <Filter Include="Code\Thread">
      <UniqueIdentifier>{a6b764f8-5a57-483c-8097-2637a6c2a6a7}</UniqueIdentifier>
    </Filter>
    <Filter Include="Code\Socket">
      <UniqueIdentifier>{8b0fe5fc-cb20-44d6-8f5d-a6eeb3ac2d86}</UniqueIdentifier>
    </Filter>
    <Filter Include="Code\Core">
      <UniqueIdentifier>{e9000b2a-c933-467f-a559-0f4095a667ce}</UniqueIdentifier>
    </Filter>
    <Filter Include="Code\Core\Log">
      <UniqueIdentifier>{7be20d6b-7090-4477-a6fd-a53e3c232435}</UniqueIdentifier>
    </Filter>
    <Filter Include="Code\Core\DateTime">
      <UniqueIdentifier>{e8ecb89c-858b-4e33-ac5e-e3bce138fd2e}</UniqueIdentifier>
    </Filter>
  </ItemGroup>
  <ItemGroup>
    <ClInclude Include="pch.h">
      <Filter>헤더 파일</Filter>
    </ClInclude>
    <ClInclude Include="ThreadPool.h">
      <Filter>Code\Thread</Filter>
    </ClInclude>
    <ClInclude Include="Task.h">
      <Filter>Code\Thread</Filter>
    </ClInclude>
    <ClInclude Include="SocketHelper.h">
      <Filter>Code\Socket</Filter>
    </ClInclude>
    <ClInclude Include="IPEndPoint.h">
      <Filter>Code\Socket</Filter>
    </ClInclude>
    <ClInclude Include="Enum.h">
      <Filter>헤더 파일</Filter>
    </ClInclude>
    <ClInclude Include="DNSEndPoint.h">
      <Filter>Code\Socket</Filter>
    </ClInclude>
    <ClInclude Include="SocketAddress.h">
      <Filter>Code\Socket</Filter>
    </ClInclude>
    <ClInclude Include="TCPListener.h">
      <Filter>Code\Socket</Filter>
    </ClInclude>
    <ClInclude Include="IPAddressUtils.h">
      <Filter>Code\Socket</Filter>
    </ClInclude>
    <ClInclude Include="NetSocket.h">
      <Filter>Code\Socket</Filter>
    </ClInclude>
    <ClInclude Include="TypeDefine.h">
      <Filter>헤더 파일</Filter>
    </ClInclude>
    <ClInclude Include="SocketOwner.h">
      <Filter>Code\Socket</Filter>
    </ClInclude>
    <ClInclude Include="Protocol.h">
      <Filter>Code\Socket</Filter>
    </ClInclude>
    <ClInclude Include="IocpOverlapped.h">
      <Filter>Code\Socket</Filter>
    </ClInclude>
    <ClInclude Include="DateTime.h">
      <Filter>Code\Core\DateTime</Filter>
    </ClInclude>
    <ClInclude Include="TimeInternal.h">
      <Filter>Code\Core\DateTime</Filter>
    </ClInclude>
    <ClInclude Include="TimeSpan.h">
      <Filter>Code\Core\DateTime</Filter>
    </ClInclude>
    <ClInclude Include="TimeZoneInfo.h">
      <Filter>Code\Core\DateTime</Filter>
    </ClInclude>
  </ItemGroup>
  <ItemGroup>
    <ClCompile Include="pch.cpp">
      <Filter>소스 파일</Filter>
    </ClCompile>
    <ClCompile Include="ThreadPool.cpp">
      <Filter>Code\Thread</Filter>
    </ClCompile>
    <ClCompile Include="Task.cpp">
      <Filter>Code\Thread</Filter>
    </ClCompile>
    <ClCompile Include="SocketHelper.cpp">
      <Filter>Code\Socket</Filter>
    </ClCompile>
    <ClCompile Include="IPEndPoint.cpp">
      <Filter>Code\Socket</Filter>
    </ClCompile>
    <ClCompile Include="DNSEndPoint.cpp">
      <Filter>Code\Socket</Filter>
    </ClCompile>
    <ClCompile Include="SocketAddress.cpp">
      <Filter>Code\Socket</Filter>
    </ClCompile>
    <ClCompile Include="TCPListener.cpp">
      <Filter>Code\Socket</Filter>
    </ClCompile>
    <ClCompile Include="IPAddressUtils.cpp">
      <Filter>Code\Socket</Filter>
    </ClCompile>
    <ClCompile Include="NetSocket.cpp">
      <Filter>Code\Socket</Filter>
    </ClCompile>
    <ClCompile Include="SocketOwner.cpp">
      <Filter>Code\Socket</Filter>
    </ClCompile>
    <ClCompile Include="Protocol.cpp">
      <Filter>Code\Socket</Filter>
    </ClCompile>
    <ClCompile Include="IocpOverlapped.cpp">
      <Filter>Code\Socket</Filter>
    </ClCompile>
    <ClCompile Include="DateTime.cpp">
      <Filter>Code\Core\DateTime</Filter>
    </ClCompile>
    <ClCompile Include="TimeInternal.cpp">
      <Filter>Code\Core\DateTime</Filter>
    </ClCompile>
    <ClCompile Include="TimeSpan.cpp">
      <Filter>Code\Core\DateTime</Filter>
    </ClCompile>
    <ClCompile Include="TimeZoneInfo.cpp">
      <Filter>Code\Core\DateTime</Filter>
    </ClCompile>
  </ItemGroup>
</Project>